<?xml version="1.0" encoding="utf-8"?>
<Project ToolsVersion="4.0" xmlns="http://schemas.microsoft.com/developer/msbuild/2003">
  <ItemGroup>
    <Filter Include="Source Files">
      <UniqueIdentifier>{4FC737F1-C7A5-4376-A066-2A32D752A2FF}</UniqueIdentifier>
      <Extensions>cpp;c;cc;cxx;def;odl;idl;hpj;bat;asm;asmx</Extensions>
    </Filter>
    <Filter Include="Header Files">
      <UniqueIdentifier>{93995380-89BD-4b04-88EB-625FBE52EBFB}</UniqueIdentifier>
      <Extensions>h;hh;hpp;hxx;hm;inl;inc;ipp;xsd</Extensions>
    </Filter>
    <Filter Include="Resource Files">
      <UniqueIdentifier>{67DA6AB6-F800-4c08-8B7A-83BB121AAD01}</UniqueIdentifier>
      <Extensions>rc;ico;cur;bmp;dlg;rc2;rct;bin;rgs;gif;jpg;jpeg;jpe;resx;tiff;tif;png;wav;mfcribbon-ms</Extensions>
    </Filter>
    <Filter Include="Core">
      <UniqueIdentifier>{9f32c115-8944-4efe-9c77-aea8965eef9d}</UniqueIdentifier>
    </Filter>
    <Filter Include="Core\Component">
      <UniqueIdentifier>{47b7a24d-9790-4e07-83fc-c05e3dbf1ec7}</UniqueIdentifier>
    </Filter>
    <Filter Include="Core\Component\Derivatives">
      <UniqueIdentifier>{7abbbc3b-e963-4bc5-9956-27537c2915bb}</UniqueIdentifier>
    </Filter>
    <Filter Include="Core\Node">
      <UniqueIdentifier>{66736bd3-2106-4b71-bfdb-9e3814676e85}</UniqueIdentifier>
    </Filter>
    <Filter Include="Core\Container">
      <UniqueIdentifier>{7a1d9b9c-d241-498d-ab9a-83bc9347005c}</UniqueIdentifier>
    </Filter>
    <Filter Include="Core\Node\Derivatives">
      <UniqueIdentifier>{ca450904-577d-4cc0-a780-95f50f093896}</UniqueIdentifier>
    </Filter>
    <Filter Include="Core\Render">
      <UniqueIdentifier>{5448643d-2362-475e-9807-32a87ee61f8d}</UniqueIdentifier>
    </Filter>
    <Filter Include="Core\Render\Shader">
      <UniqueIdentifier>{86c27fdb-36a8-4372-80c0-fd4cafeedac1}</UniqueIdentifier>
    </Filter>
    <Filter Include="Core\Render\Shader\Fragment">
      <UniqueIdentifier>{fb9e30d3-c977-4304-919a-b5b417bddf08}</UniqueIdentifier>
    </Filter>
    <Filter Include="Core\Render\Shader\Vertex">
      <UniqueIdentifier>{012ed42c-b20c-4d25-a32b-a7cf802eae47}</UniqueIdentifier>
    </Filter>
    <Filter Include="Core\Render\Shader\Geometry">
      <UniqueIdentifier>{c40ddb02-9dbf-44cb-bf7c-eb16b026b8fa}</UniqueIdentifier>
    </Filter>
    <Filter Include="Core\Events">
      <UniqueIdentifier>{1eb2a76b-6281-468a-af00-671bf51feeab}</UniqueIdentifier>
    </Filter>
    <Filter Include="Core\MathHelpers">
      <UniqueIdentifier>{29686cf2-3c36-4367-85a2-f15eeafffeb3}</UniqueIdentifier>
    </Filter>
    <Filter Include="GameFlow">
      <UniqueIdentifier>{6a105cf7-bf8a-4944-961f-da464339d0ef}</UniqueIdentifier>
    </Filter>
    <Filter Include="GameFlow\Instance">
      <UniqueIdentifier>{84488253-c755-4f3a-8264-b0aae660c047}</UniqueIdentifier>
    </Filter>
    <Filter Include="GameFlow\Updater">
      <UniqueIdentifier>{5f2bf42b-33e0-4976-ae1b-b66c8499b81b}</UniqueIdentifier>
    </Filter>
  </ItemGroup>
  <ItemGroup>
    <ClCompile Include="Core\Events\EventHandler.cpp">
      <Filter>Core\Events</Filter>
    </ClCompile>
    <ClCompile Include="Core\Component\Component.cpp">
      <Filter>Core\Component</Filter>
    </ClCompile>
    <ClCompile Include="Core\Component\Derivative\AnimatedSprite.cpp">
      <Filter>Core\Component\Derivatives</Filter>
    </ClCompile>
    <ClCompile Include="Core\Component\Derivative\ReadWrite.cpp">
      <Filter>Core\Component\Derivatives</Filter>
    </ClCompile>
    <ClCompile Include="Core\Containers\Container.cpp">
      <Filter>Core\Container</Filter>
    </ClCompile>
    <ClCompile Include="Core\Node\Node.cpp">
      <Filter>Core\Node</Filter>
    </ClCompile>
    <ClCompile Include="Core\Node\Derivative\EntityNode.cpp">
      <Filter>Core\Node\Derivatives</Filter>
    </ClCompile>
    <ClCompile Include="Abyssal.cpp">
      <Filter>Source Files</Filter>
    </ClCompile>
    <ClCompile Include="GameManager.cpp">
      <Filter>GameFlow</Filter>
    </ClCompile>
    <ClCompile Include="Renderer.cpp">
      <Filter>Core\Render</Filter>
    </ClCompile>
  </ItemGroup>
  <ItemGroup>
    <ClInclude Include="Core\Events\EventHandler.h">
      <Filter>Core\Events</Filter>
    </ClInclude>
    <ClInclude Include="Core\Render\Model.h">
      <Filter>Core\Render</Filter>
    </ClInclude>
    <ClInclude Include="Core\Render\Renderer.h">
      <Filter>Core\Render</Filter>
    </ClInclude>
    <ClInclude Include="Core\Math\Math.h">
      <Filter>Core\MathHelpers</Filter>
    </ClInclude>
    <ClInclude Include="Core\Render\Shader\Shader.h">
      <Filter>Core\Render\Shader</Filter>
    </ClInclude>
    <ClInclude Include="Core\Component\Component.h">
      <Filter>Core\Component</Filter>
    </ClInclude>
    <ClInclude Include="Core\Component\ComponentHeaders.h">
      <Filter>Core\Component</Filter>
    </ClInclude>
    <ClInclude Include="Core\Component\ComponentTypes.h">
      <Filter>Core\Component</Filter>
    </ClInclude>
    <ClInclude Include="Core\Component\Derivative\AnimatedSprite.h">
      <Filter>Core\Component\Derivatives</Filter>
    </ClInclude>
    <ClInclude Include="Core\Component\Derivative\ReadWrite.h">
      <Filter>Core\Component\Derivatives</Filter>
    </ClInclude>
    <ClInclude Include="Core\Containers\Container.h">
      <Filter>Core\Container</Filter>
    </ClInclude>
    <ClInclude Include="Core\Containers\ContainerSort.h">
      <Filter>Core\Container</Filter>
    </ClInclude>
    <ClInclude Include="Core\Node\Node.h">
      <Filter>Core\Node</Filter>
    </ClInclude>
    <ClInclude Include="Core\Node\NodeTypes.h">
      <Filter>Core\Node</Filter>
    </ClInclude>
    <ClInclude Include="Core\Node\NodeHeaders.h">
      <Filter>Core\Node</Filter>
    </ClInclude>
    <ClInclude Include="Core\Node\Derivative\EntityNode.h">
      <Filter>Core\Node\Derivatives</Filter>
    </ClInclude>
    <ClInclude Include="Core\Containers\PriorityType.h">
      <Filter>Core\Container</Filter>
    </ClInclude>
    <ClInclude Include="GameManager.h">
      <Filter>GameFlow</Filter>
    </ClInclude>
  </ItemGroup>
  <ItemGroup>
    <None Include="Core\Render\Shader\Fragment\frag.glsl">
      <Filter>Core\Render\Shader\Fragment</Filter>
    </None>
    <None Include="Core\Render\Shader\Fragment\frag0.glsl">
      <Filter>Core\Render\Shader\Fragment</Filter>
    </None>
    <None Include="Core\Render\Shader\Geometry\geom.glsl">
      <Filter>Core\Render\Shader\Geometry</Filter>
    </None>
    <None Include="Core\Render\Shader\Vertex\vert.glsl">
      <Filter>Core\Render\Shader\Vertex</Filter>
    </None>
    <None Include="Core\Render\Shader\Vertex\vert0.glsl">
      <Filter>Core\Render\Shader\Vertex</Filter>
    </None>
  </ItemGroup>
</Project>